# This file was autogenerated by Stack.
# You should not edit this file by hand.
# For more information, please see the documentation at:
#   https://docs.haskellstack.org/en/stable/lock_files

packages:
- completed:
    commit: 2334d7044ebae5444516b93dcf8de49852975d00
    git: https://github.com/oxarbitrage/pasta-curves
    name: pasta-curves
    pantry-tree:
      sha256: c0f0e99f96c150c3cee1ab7376bfc5a1fe00899c9dae63eed1a864032f37d16a
      size: 1105
    version: 0.0.1.0
  original:
    commit: 2334d7044ebae5444516b93dcf8de49852975d00
    git: https://github.com/oxarbitrage/pasta-curves
snapshots:
- completed:
    sha256: 5a59b2a405b3aba3c00188453be172b85893cab8ebc352b1ef58b0eae5d248a2
    size: 650475
    url: https://raw.githubusercontent.com/commercialhaskell/stackage-snapshots/master/lts/20/26.yaml
  original: lts-20.26
