# This file was autogenerated by Stack.
# You should not edit this file by hand.
# For more information, please see the documentation at:
#   https://docs.haskellstack.org/en/stable/lock_files

packages:
- completed:
    commit: 2334d7044ebae5444516b93dcf8de49852975d00
    git: https://github.com/oxarbitrage/pasta-curves
    name: pasta-curves
    pantry-tree:
      sha256: c0f0e99f96c150c3cee1ab7376bfc5a1fe00899c9dae63eed1a864032f37d16a
      size: 1105
    version: 0.0.1.0
  original:
    commit: 2334d7044ebae5444516b93dcf8de49852975d00
    git: https://github.com/oxarbitrage/pasta-curves
snapshots:
- completed:
    sha256: b73b2b116143aea728c70e65c3239188998bac5bc3be56465813dacd74215dc5
    size: 648424
    url: https://raw.githubusercontent.com/commercialhaskell/stackage-snapshots/master/lts/20/1.yaml
  original: lts-20.1
